{
  "$schema": "https://raw.githubusercontent.com/seho-dev/vibe-infra/main/lockfile.schema.json",
  "updatedAt": "2026-10-06T12:49:38Z",
  "infrastructures": {
    "base": {
      "url": "https://github.com/seho-dev/vibe-infra",
      "version": "v1.2.2",
      "resolvedCommit": "b7aa1f61c76010bb5c174ca936ea3b346577b99f"
    },
    "seho-vibe-infra": {
      "url": "https://github.com/seho-dev/my-vibe-infra",
      "version": "v1.0.1",
      "resolvedCommit": "98d699720775bb7cae152074fdcdb3bcd37b39bd"
    }
  }
}
