// !$*UTF8*$!
{
	archiveVersion = 1;
	classes = {
	};
	objectVersion = 60;
	objects = {

/* Begin PBXBuildFile section */
		011DB7E6709798C7C363F584 /* KnownKeys.swift in Sources */ = {isa = PBXBuildFile; fileRef = C3A458469287E6C12B972727 /* KnownKeys.swift */; };
		0452B8BB6B8810C09C391B90 /* SwitchResult.swift in Sources */ = {isa = PBXBuildFile; fileRef = 8B4FCA506C6AB142091BF33D /* SwitchResult.swift */; };
		08E53579A822E587DA0EE529 /* ProjectionResult.swift in Sources */ = {isa = PBXBuildFile; fileRef = 64F9C7847E029EFDAD56A3A1 /* ProjectionResult.swift */; };
		117A61D0260A3AA8A2F2D7C2 /* OpenCodeAgentMappingEditor.swift in Sources */ = {isa = PBXBuildFile; fileRef = B69196A5CE155E8CA3B3A7CE /* OpenCodeAgentMappingEditor.swift */; };
		18EDB7FD30337DB30C19314C /* SettingsViewSelectionSyncTests.swift in Sources */ = {isa = PBXBuildFile; fileRef = FFC788A6397991DCDEEAEE5C /* SettingsViewSelectionSyncTests.swift */; };
		19C0D0B1E0F76D6C8BC3A24B /* with-undeclared-model-ref.json in Resources */ = {isa = PBXBuildFile; fileRef = 37D4BB2EC3391FEAD872E53B /* with-undeclared-model-ref.json */; };
		25B37026DC11CF88408E8696 /* CategoryMappingEditor.swift in Sources */ = {isa = PBXBuildFile; fileRef = A37883AB025A76D80483A3AD /* CategoryMappingEditor.swift */; };
		2706B8BE461B4EA9952C2AB1 /* OhMyOpenAgentConfigRepository.swift in Sources */ = {isa = PBXBuildFile; fileRef = 63D8A17C073CB89F5D9B5649 /* OhMyOpenAgentConfigRepository.swift */; };
		29EA0F0F96C0E612E0125708 /* OMOSwitchApp.swift in Sources */ = {isa = PBXBuildFile; fileRef = 7EE8A1743C4AAF75B5F0A580 /* OMOSwitchApp.swift */; };
		2B8ECEAE29AE6B2823AB3291 /* QuickSwitchView.swift in Sources */ = {isa = PBXBuildFile; fileRef = 9C11F9BB9DA53C950ECB425C /* QuickSwitchView.swift */; };
		37C1A01C8B5369E518A025C9 /* OhMyOpenAgentConfigRepositoryTests.swift in Sources */ = {isa = PBXBuildFile; fileRef = 9B7A735376F2BE535FD04FE7 /* OhMyOpenAgentConfigRepositoryTests.swift */; };
		3BE73DCC81C606C979A2AF11 /* ModelGroupCategoryMapping.swift in Sources */ = {isa = PBXBuildFile; fileRef = 10B3ADE6B559A004C0962C41 /* ModelGroupCategoryMapping.swift */; };
		3C966B9EAD695B617C1E1794 /* FixtureAssertions.swift in Sources */ = {isa = PBXBuildFile; fileRef = 5FFA2FF636AB3DC2921763F6 /* FixtureAssertions.swift */; };
		3D10AC7A22B933B328C0E5D9 /* SwitchGroupUseCase.swift in Sources */ = {isa = PBXBuildFile; fileRef = CDBC366C88985C8A3BCAD0B0 /* SwitchGroupUseCase.swift */; };
		3D90D18A6BFBC377BF5F95D5 /* ModelGroup.swift in Sources */ = {isa = PBXBuildFile; fileRef = 1C7F88D377C20BCB6931A5A7 /* ModelGroup.swift */; };
		3E57DC1C31879E246D63AB60 /* BackupRepository.swift in Sources */ = {isa = PBXBuildFile; fileRef = 6E94AB4D929F8B37FFC166C8 /* BackupRepository.swift */; };
		426667B4427FDE3EEF288686 /* FixtureLoader.swift in Sources */ = {isa = PBXBuildFile; fileRef = 82A3438B2984C599C5539E7F /* FixtureLoader.swift */; };
		457D029017D3F5FD4B8D18DA /* with-jsonc-markers.jsonc in Resources */ = {isa = PBXBuildFile; fileRef = 4E832D158D791C2C1D1D1F7B /* with-jsonc-markers.jsonc */; };
		498B640662843F384DA1192F /* OpenCodeDocumentTests.swift in Sources */ = {isa = PBXBuildFile; fileRef = 9FCF25F561567B64F68F7BD1 /* OpenCodeDocumentTests.swift */; };
		5154F50763B34C9075514EB7 /* OhMyOpenAgentDocumentTests.swift in Sources */ = {isa = PBXBuildFile; fileRef = F1CA10A867DC57F2783E3996 /* OhMyOpenAgentDocumentTests.swift */; };
		583FD7F8816F49EBD8FBFD11 /* FixtureCorpusTests.swift in Sources */ = {isa = PBXBuildFile; fileRef = B044D4D635DB80CD9D9BC229 /* FixtureCorpusTests.swift */; };
		5DA816C92C3643F3D24B7595 /* current-opencode.json in Resources */ = {isa = PBXBuildFile; fileRef = 3A0A536D3655A0C370DFDF31 /* current-opencode.json */; };
		65545F192A79A98E6D05D1D3 /* OpenCodeDocument.swift in Sources */ = {isa = PBXBuildFile; fileRef = 9C8DC0229A7AF6D89F25CF94 /* OpenCodeDocument.swift */; };
		68541E264755F998E42C5FC5 /* TemporaryHomeHarnessTests.swift in Sources */ = {isa = PBXBuildFile; fileRef = C9E52420026FB471AB81D417 /* TemporaryHomeHarnessTests.swift */; };
		7314855FD5273DF5DE0027B9 /* AgentMappingEditor.swift in Sources */ = {isa = PBXBuildFile; fileRef = 27BF5F0F9D3032246A544CDA /* AgentMappingEditor.swift */; };
		74836A4E35C7FC0C961DFF28 /* TestSupport.swift in Sources */ = {isa = PBXBuildFile; fileRef = A2FCF6694F826BB89108C641 /* TestSupport.swift */; };
		784B8F0401B8D3B7A57DF73F /* TemporaryHomeHarness.swift in Sources */ = {isa = PBXBuildFile; fileRef = CA49FA106A27BF5E75313C28 /* TemporaryHomeHarness.swift */; };
		7B428D6B8C1DB532EAF56DB0 /* EndToEndSwitchingTests.swift in Sources */ = {isa = PBXBuildFile; fileRef = C5E32DAC1E6FD51427972FAD /* EndToEndSwitchingTests.swift */; };
		806E0EC7D0D817C8EDBED332 /* main.swift in Sources */ = {isa = PBXBuildFile; fileRef = 253B6D763CAEFBDA53ACB4A2 /* main.swift */; };
		8327A00BBFBD81FA8E4C2AE8 /* AppStateRepositoryTests.swift in Sources */ = {isa = PBXBuildFile; fileRef = AA2C1DBA240FCB19D2463ED3 /* AppStateRepositoryTests.swift */; };
		83C8BDF13FE637A3430A05C6 /* OhMyOpenAgentDocument.swift in Sources */ = {isa = PBXBuildFile; fileRef = 7D7FCC49D9C17F5D71682D7F /* OhMyOpenAgentDocument.swift */; };
		8534264099DA006F110209B6 /* SettingsView.swift in Sources */ = {isa = PBXBuildFile; fileRef = 4741FF104A3821E50B6C1A7D /* SettingsView.swift */; };
		85D9DFB4ED29B590E4B2647E /* current-oh-my-openagent.json in Resources */ = {isa = PBXBuildFile; fileRef = A19052BF7DEF7CDB0CDFABD7 /* current-oh-my-openagent.json */; };
		87B1AC2E0C4B8FE900C31643 /* SettingsWindowController.swift in Sources */ = {isa = PBXBuildFile; fileRef = C542FD774B78E815C3E66AC1 /* SettingsWindowController.swift */; };
		8DC7C18806CEFDEC80913CA7 /* with-unknown-fields.json in Resources */ = {isa = PBXBuildFile; fileRef = 83EA06810E46F26BAE34C9A0 /* with-unknown-fields.json */; };
		99AE8AE60FD738811D80714A /* SettingsViewOpenCodeDraftStateTests.swift in Sources */ = {isa = PBXBuildFile; fileRef = 06439C89C851DD6DA87EA97F /* SettingsViewOpenCodeDraftStateTests.swift */; };
		A14E3D87340E8B29582DCEC2 /* with-weird-key-order.json in Resources */ = {isa = PBXBuildFile; fileRef = 415FABB61D0C3D879E2069B5 /* with-weird-key-order.json */; };
		A4B6C38C89AD6D98B068A470 /* DependencyContainer.swift in Sources */ = {isa = PBXBuildFile; fileRef = 98B67C1B29B4BA0DBBBEA9B2 /* DependencyContainer.swift */; };
		A6EFAB093D78339356352895 /* ModelGroupAgentOverride.swift in Sources */ = {isa = PBXBuildFile; fileRef = B28168A735868B126922780E /* ModelGroupAgentOverride.swift */; };
		A9086F25BDEA243389E54ED4 /* OpenCodeProjectionServiceTests.swift in Sources */ = {isa = PBXBuildFile; fileRef = 44388799FDA47B96D02FB6B7 /* OpenCodeProjectionServiceTests.swift */; };
		ACA13DFDDC4F47954C257443 /* ModelGroupRepository.swift in Sources */ = {isa = PBXBuildFile; fileRef = 33C3C4E47572C5071D905BC0 /* ModelGroupRepository.swift */; };
		B97096653D9A5D3C2B92B614 /* OpenCodeConfigRepositoryTests.swift in Sources */ = {isa = PBXBuildFile; fileRef = F2B84B7659B3A844D70124AA /* OpenCodeConfigRepositoryTests.swift */; };
		BEC75F1E494FC8B72039A424 /* OpenCodeAgentMappingEditorTests.swift in Sources */ = {isa = PBXBuildFile; fileRef = E371E059AB111ED79BC877D0 /* OpenCodeAgentMappingEditorTests.swift */; };
		BF9441518A57A2FBAEEEC160 /* ModelGroupRepositoryTests.swift in Sources */ = {isa = PBXBuildFile; fileRef = 19DA1CC5BE97A9C38301AC78 /* ModelGroupRepositoryTests.swift */; };
		BFB347FD474907FD150E6969 /* SwitchGroupUseCaseTests.swift in Sources */ = {isa = PBXBuildFile; fileRef = 306554E0FC10F39EDD5DC9C2 /* SwitchGroupUseCaseTests.swift */; };
		C0744DFF6EE1AA88EE7B717A /* AppSelectionState.swift in Sources */ = {isa = PBXBuildFile; fileRef = 722D0318C8BFE20953DD23CB /* AppSelectionState.swift */; };
		C70F13BD21DCF70FED5360C0 /* AppStateRepository.swift in Sources */ = {isa = PBXBuildFile; fileRef = FA7AAFE695C3DEB956C0E9C4 /* AppStateRepository.swift */; };
		CEFDFBE495D0FB336A11C5BC /* AppStore.swift in Sources */ = {isa = PBXBuildFile; fileRef = C4BB9E51E8CEA1E761A5CA65 /* AppStore.swift */; };
		D00B208EA2A029A15539522E /* OpenCodeProjectionService.swift in Sources */ = {isa = PBXBuildFile; fileRef = E5E499583C2841429D5345D6 /* OpenCodeProjectionService.swift */; };
		D6CEDC369921671C994F2B8E /* with-conflict-write-baseline.json in Resources */ = {isa = PBXBuildFile; fileRef = 34D15013E3B433F81F262DDA /* with-conflict-write-baseline.json */; };
		DE907043754098CB9792BF72 /* legacy-oh-my-opencode.json.bak in Resources */ = {isa = PBXBuildFile; fileRef = 2DF3956A1F3321ABCB538A7D /* legacy-oh-my-opencode.json.bak */; };
		E5CC24699BA5C1895F5C011E /* OhMyOpenAgentProjectionService.swift in Sources */ = {isa = PBXBuildFile; fileRef = AC221AF3984163488DA0D7F7 /* OhMyOpenAgentProjectionService.swift */; };
		E66C2192710B4D21F00B90DC /* OpenCodeConfigRepository.swift in Sources */ = {isa = PBXBuildFile; fileRef = FB6DBAA005A0BCBCEE9CF462 /* OpenCodeConfigRepository.swift */; };
		EA8F7FB321ED34C711FE1011 /* Info.plist in Resources */ = {isa = PBXBuildFile; fileRef = 218EF381F9AE2FCC2BA90127 /* Info.plist */; };
		EE3B7A6CEF359215AABF380A /* AppShellCompositionTests.swift in Sources */ = {isa = PBXBuildFile; fileRef = 7EA0BA1AEF3F452C1E7B82AE /* AppShellCompositionTests.swift */; };
		EF5103724BCA2C5362559DF6 /* QuickSwitchPopoverController.swift in Sources */ = {isa = PBXBuildFile; fileRef = 5A98B4FBEA091AF694D15567 /* QuickSwitchPopoverController.swift */; };
		EF9F2C808FE1AEDC31F22ECC /* StatusItemController.swift in Sources */ = {isa = PBXBuildFile; fileRef = EA5B8CC19275EECBD118BE59 /* StatusItemController.swift */; };
		EFAB72AC5B7ABEBC975C9F8D /* BackupRepositoryTests.swift in Sources */ = {isa = PBXBuildFile; fileRef = A189D6691EE2C24B1D70FD60 /* BackupRepositoryTests.swift */; };
		F4995F2F7DDC43555ED01E05 /* AppDelegate.swift in Sources */ = {isa = PBXBuildFile; fileRef = E635B39492497907B49D14C1 /* AppDelegate.swift */; };
		F4DFCC6EA41AE04EB47B09C3 /* JSONCStripper.swift in Sources */ = {isa = PBXBuildFile; fileRef = D65E1E88708005405DA86BB5 /* JSONCStripper.swift */; };
		F6E84D6EA18495FAC75A362D /* KnownKeysTests.swift in Sources */ = {isa = PBXBuildFile; fileRef = A7314BCA38A17D124BA636FB /* KnownKeysTests.swift */; };
		F8EDB3B74FD4787202164831 /* OhMyOpenAgentProjectionServiceTests.swift in Sources */ = {isa = PBXBuildFile; fileRef = 741FDEDA74EF4A1776CD744B /* OhMyOpenAgentProjectionServiceTests.swift */; };
		FCC24906612AA2F40C8092A9 /* AppStoreTests.swift in Sources */ = {isa = PBXBuildFile; fileRef = D2ABAEC44513BBD8445C6EE5 /* AppStoreTests.swift */; };
/* End PBXBuildFile section */

/* Begin PBXContainerItemProxy section */
		BC940593FADB73C9CB3ED171 /* PBXContainerItemProxy */ = {
			isa = PBXContainerItemProxy;
			containerPortal = 72CD8D07AF261999FFF64A03 /* Project object */;
			proxyType = 1;
			remoteGlobalIDString = ABA8BB2495A171F393FE60D5;
			remoteInfo = OMOSwitch;
		};
/* End PBXContainerItemProxy section */

/* Begin PBXFileReference section */
		06439C89C851DD6DA87EA97F /* SettingsViewOpenCodeDraftStateTests.swift */ = {isa = PBXFileReference; lastKnownFileType = sourcecode.swift; path = SettingsViewOpenCodeDraftStateTests.swift; sourceTree = "<group>"; };
		10B3ADE6B559A004C0962C41 /* ModelGroupCategoryMapping.swift */ = {isa = PBXFileReference; lastKnownFileType = sourcecode.swift; path = ModelGroupCategoryMapping.swift; sourceTree = "<group>"; };
		19DA1CC5BE97A9C38301AC78 /* ModelGroupRepositoryTests.swift */ = {isa = PBXFileReference; lastKnownFileType = sourcecode.swift; path = ModelGroupRepositoryTests.swift; sourceTree = "<group>"; };
		1C7F88D377C20BCB6931A5A7 /* ModelGroup.swift */ = {isa = PBXFileReference; lastKnownFileType = sourcecode.swift; path = ModelGroup.swift; sourceTree = "<group>"; };
		218EF381F9AE2FCC2BA90127 /* Info.plist */ = {isa = PBXFileReference; lastKnownFileType = text.plist; path = Info.plist; sourceTree = "<group>"; };
		253B6D763CAEFBDA53ACB4A2 /* main.swift */ = {isa = PBXFileReference; lastKnownFileType = sourcecode.swift; path = main.swift; sourceTree = "<group>"; };
		27BF5F0F9D3032246A544CDA /* AgentMappingEditor.swift */ = {isa = PBXFileReference; lastKnownFileType = sourcecode.swift; path = AgentMappingEditor.swift; sourceTree = "<group>"; };
		2DF3956A1F3321ABCB538A7D /* legacy-oh-my-opencode.json.bak */ = {isa = PBXFileReference; path = "legacy-oh-my-opencode.json.bak"; sourceTree = "<group>"; };
		306554E0FC10F39EDD5DC9C2 /* SwitchGroupUseCaseTests.swift */ = {isa = PBXFileReference; lastKnownFileType = sourcecode.swift; path = SwitchGroupUseCaseTests.swift; sourceTree = "<group>"; };
		33C3C4E47572C5071D905BC0 /* ModelGroupRepository.swift */ = {isa = PBXFileReference; lastKnownFileType = sourcecode.swift; path = ModelGroupRepository.swift; sourceTree = "<group>"; };
		34D15013E3B433F81F262DDA /* with-conflict-write-baseline.json */ = {isa = PBXFileReference; lastKnownFileType = text.json; path = "with-conflict-write-baseline.json"; sourceTree = "<group>"; };
		37D4BB2EC3391FEAD872E53B /* with-undeclared-model-ref.json */ = {isa = PBXFileReference; lastKnownFileType = text.json; path = "with-undeclared-model-ref.json"; sourceTree = "<group>"; };
		3A0A536D3655A0C370DFDF31 /* current-opencode.json */ = {isa = PBXFileReference; lastKnownFileType = text.json; path = "current-opencode.json"; sourceTree = "<group>"; };
		415FABB61D0C3D879E2069B5 /* with-weird-key-order.json */ = {isa = PBXFileReference; lastKnownFileType = text.json; path = "with-weird-key-order.json"; sourceTree = "<group>"; };
		44388799FDA47B96D02FB6B7 /* OpenCodeProjectionServiceTests.swift */ = {isa = PBXFileReference; lastKnownFileType = sourcecode.swift; path = OpenCodeProjectionServiceTests.swift; sourceTree = "<group>"; };
		4741FF104A3821E50B6C1A7D /* SettingsView.swift */ = {isa = PBXFileReference; lastKnownFileType = sourcecode.swift; path = SettingsView.swift; sourceTree = "<group>"; };
		4E832D158D791C2C1D1D1F7B /* with-jsonc-markers.jsonc */ = {isa = PBXFileReference; path = "with-jsonc-markers.jsonc"; sourceTree = "<group>"; };
		5A98B4FBEA091AF694D15567 /* QuickSwitchPopoverController.swift */ = {isa = PBXFileReference; lastKnownFileType = sourcecode.swift; path = QuickSwitchPopoverController.swift; sourceTree = "<group>"; };
		5FFA2FF636AB3DC2921763F6 /* FixtureAssertions.swift */ = {isa = PBXFileReference; lastKnownFileType = sourcecode.swift; path = FixtureAssertions.swift; sourceTree = "<group>"; };
		63D8A17C073CB89F5D9B5649 /* OhMyOpenAgentConfigRepository.swift */ = {isa = PBXFileReference; lastKnownFileType = sourcecode.swift; path = OhMyOpenAgentConfigRepository.swift; sourceTree = "<group>"; };
		64F9C7847E029EFDAD56A3A1 /* ProjectionResult.swift */ = {isa = PBXFileReference; lastKnownFileType = sourcecode.swift; path = ProjectionResult.swift; sourceTree = "<group>"; };
		6E94AB4D929F8B37FFC166C8 /* BackupRepository.swift */ = {isa = PBXFileReference; lastKnownFileType = sourcecode.swift; path = BackupRepository.swift; sourceTree = "<group>"; };
		722D0318C8BFE20953DD23CB /* AppSelectionState.swift */ = {isa = PBXFileReference; lastKnownFileType = sourcecode.swift; path = AppSelectionState.swift; sourceTree = "<group>"; };
		741FDEDA74EF4A1776CD744B /* OhMyOpenAgentProjectionServiceTests.swift */ = {isa = PBXFileReference; lastKnownFileType = sourcecode.swift; path = OhMyOpenAgentProjectionServiceTests.swift; sourceTree = "<group>"; };
		7D7FCC49D9C17F5D71682D7F /* OhMyOpenAgentDocument.swift */ = {isa = PBXFileReference; lastKnownFileType = sourcecode.swift; path = OhMyOpenAgentDocument.swift; sourceTree = "<group>"; };
		7EA0BA1AEF3F452C1E7B82AE /* AppShellCompositionTests.swift */ = {isa = PBXFileReference; lastKnownFileType = sourcecode.swift; path = AppShellCompositionTests.swift; sourceTree = "<group>"; };
		7EE8A1743C4AAF75B5F0A580 /* OMOSwitchApp.swift */ = {isa = PBXFileReference; lastKnownFileType = sourcecode.swift; path = OMOSwitchApp.swift; sourceTree = "<group>"; };
		82A3438B2984C599C5539E7F /* FixtureLoader.swift */ = {isa = PBXFileReference; lastKnownFileType = sourcecode.swift; path = FixtureLoader.swift; sourceTree = "<group>"; };
		83EA06810E46F26BAE34C9A0 /* with-unknown-fields.json */ = {isa = PBXFileReference; lastKnownFileType = text.json; path = "with-unknown-fields.json"; sourceTree = "<group>"; };
		8B4FCA506C6AB142091BF33D /* SwitchResult.swift */ = {isa = PBXFileReference; lastKnownFileType = sourcecode.swift; path = SwitchResult.swift; sourceTree = "<group>"; };
		98B67C1B29B4BA0DBBBEA9B2 /* DependencyContainer.swift */ = {isa = PBXFileReference; lastKnownFileType = sourcecode.swift; path = DependencyContainer.swift; sourceTree = "<group>"; };
		9B7A735376F2BE535FD04FE7 /* OhMyOpenAgentConfigRepositoryTests.swift */ = {isa = PBXFileReference; lastKnownFileType = sourcecode.swift; path = OhMyOpenAgentConfigRepositoryTests.swift; sourceTree = "<group>"; };
		9C11F9BB9DA53C950ECB425C /* QuickSwitchView.swift */ = {isa = PBXFileReference; lastKnownFileType = sourcecode.swift; path = QuickSwitchView.swift; sourceTree = "<group>"; };
		9C8DC0229A7AF6D89F25CF94 /* OpenCodeDocument.swift */ = {isa = PBXFileReference; lastKnownFileType = sourcecode.swift; path = OpenCodeDocument.swift; sourceTree = "<group>"; };
		9E51F49395AB3CED6960CB75 /* Info.plist */ = {isa = PBXFileReference; lastKnownFileType = text.plist; path = Info.plist; sourceTree = "<group>"; };
		9FCF25F561567B64F68F7BD1 /* OpenCodeDocumentTests.swift */ = {isa = PBXFileReference; lastKnownFileType = sourcecode.swift; path = OpenCodeDocumentTests.swift; sourceTree = "<group>"; };
		A189D6691EE2C24B1D70FD60 /* BackupRepositoryTests.swift */ = {isa = PBXFileReference; lastKnownFileType = sourcecode.swift; path = BackupRepositoryTests.swift; sourceTree = "<group>"; };
		A19052BF7DEF7CDB0CDFABD7 /* current-oh-my-openagent.json */ = {isa = PBXFileReference; lastKnownFileType = text.json; path = "current-oh-my-openagent.json"; sourceTree = "<group>"; };
		A2FCF6694F826BB89108C641 /* TestSupport.swift */ = {isa = PBXFileReference; lastKnownFileType = sourcecode.swift; path = TestSupport.swift; sourceTree = "<group>"; };
		A37883AB025A76D80483A3AD /* CategoryMappingEditor.swift */ = {isa = PBXFileReference; lastKnownFileType = sourcecode.swift; path = CategoryMappingEditor.swift; sourceTree = "<group>"; };
		A7314BCA38A17D124BA636FB /* KnownKeysTests.swift */ = {isa = PBXFileReference; lastKnownFileType = sourcecode.swift; path = KnownKeysTests.swift; sourceTree = "<group>"; };
		AA2C1DBA240FCB19D2463ED3 /* AppStateRepositoryTests.swift */ = {isa = PBXFileReference; lastKnownFileType = sourcecode.swift; path = AppStateRepositoryTests.swift; sourceTree = "<group>"; };
		AC221AF3984163488DA0D7F7 /* OhMyOpenAgentProjectionService.swift */ = {isa = PBXFileReference; lastKnownFileType = sourcecode.swift; path = OhMyOpenAgentProjectionService.swift; sourceTree = "<group>"; };
		B044D4D635DB80CD9D9BC229 /* FixtureCorpusTests.swift */ = {isa = PBXFileReference; lastKnownFileType = sourcecode.swift; path = FixtureCorpusTests.swift; sourceTree = "<group>"; };
		B28168A735868B126922780E /* ModelGroupAgentOverride.swift */ = {isa = PBXFileReference; lastKnownFileType = sourcecode.swift; path = ModelGroupAgentOverride.swift; sourceTree = "<group>"; };
		B69196A5CE155E8CA3B3A7CE /* OpenCodeAgentMappingEditor.swift */ = {isa = PBXFileReference; lastKnownFileType = sourcecode.swift; path = OpenCodeAgentMappingEditor.swift; sourceTree = "<group>"; };
		C3A458469287E6C12B972727 /* KnownKeys.swift */ = {isa = PBXFileReference; lastKnownFileType = sourcecode.swift; path = KnownKeys.swift; sourceTree = "<group>"; };
		C4BB9E51E8CEA1E761A5CA65 /* AppStore.swift */ = {isa = PBXFileReference; lastKnownFileType = sourcecode.swift; path = AppStore.swift; sourceTree = "<group>"; };
		C542FD774B78E815C3E66AC1 /* SettingsWindowController.swift */ = {isa = PBXFileReference; lastKnownFileType = sourcecode.swift; path = SettingsWindowController.swift; sourceTree = "<group>"; };
		C5E32DAC1E6FD51427972FAD /* EndToEndSwitchingTests.swift */ = {isa = PBXFileReference; lastKnownFileType = sourcecode.swift; path = EndToEndSwitchingTests.swift; sourceTree = "<group>"; };
		C9E52420026FB471AB81D417 /* TemporaryHomeHarnessTests.swift */ = {isa = PBXFileReference; lastKnownFileType = sourcecode.swift; path = TemporaryHomeHarnessTests.swift; sourceTree = "<group>"; };
		CA49FA106A27BF5E75313C28 /* TemporaryHomeHarness.swift */ = {isa = PBXFileReference; lastKnownFileType = sourcecode.swift; path = TemporaryHomeHarness.swift; sourceTree = "<group>"; };
		CC6532EAAB56478A99A0BC05 /* Info.plist */ = {isa = PBXFileReference; lastKnownFileType = text.plist; path = Info.plist; sourceTree = "<group>"; };
		CDBC366C88985C8A3BCAD0B0 /* SwitchGroupUseCase.swift */ = {isa = PBXFileReference; lastKnownFileType = sourcecode.swift; path = SwitchGroupUseCase.swift; sourceTree = "<group>"; };
		D2ABAEC44513BBD8445C6EE5 /* AppStoreTests.swift */ = {isa = PBXFileReference; lastKnownFileType = sourcecode.swift; path = AppStoreTests.swift; sourceTree = "<group>"; };
		D65E1E88708005405DA86BB5 /* JSONCStripper.swift */ = {isa = PBXFileReference; lastKnownFileType = sourcecode.swift; path = JSONCStripper.swift; sourceTree = "<group>"; };
		E371E059AB111ED79BC877D0 /* OpenCodeAgentMappingEditorTests.swift */ = {isa = PBXFileReference; lastKnownFileType = sourcecode.swift; path = OpenCodeAgentMappingEditorTests.swift; sourceTree = "<group>"; };
		E5E499583C2841429D5345D6 /* OpenCodeProjectionService.swift */ = {isa = PBXFileReference; lastKnownFileType = sourcecode.swift; path = OpenCodeProjectionService.swift; sourceTree = "<group>"; };
		E635B39492497907B49D14C1 /* AppDelegate.swift */ = {isa = PBXFileReference; lastKnownFileType = sourcecode.swift; path = AppDelegate.swift; sourceTree = "<group>"; };
		E735270532F3639DC59E9257 /* OMOSwitch.app */ = {isa = PBXFileReference; explicitFileType = wrapper.application; includeInIndex = 0; path = OMOSwitch.app; sourceTree = BUILT_PRODUCTS_DIR; };
		EA5B8CC19275EECBD118BE59 /* StatusItemController.swift */ = {isa = PBXFileReference; lastKnownFileType = sourcecode.swift; path = StatusItemController.swift; sourceTree = "<group>"; };
		F14AE8E73F1C2963B93C3055 /* OMOSwitchTests.xctest */ = {isa = PBXFileReference; explicitFileType = wrapper.cfbundle; includeInIndex = 0; path = OMOSwitchTests.xctest; sourceTree = BUILT_PRODUCTS_DIR; };
		F1CA10A867DC57F2783E3996 /* OhMyOpenAgentDocumentTests.swift */ = {isa = PBXFileReference; lastKnownFileType = sourcecode.swift; path = OhMyOpenAgentDocumentTests.swift; sourceTree = "<group>"; };
		F2B84B7659B3A844D70124AA /* OpenCodeConfigRepositoryTests.swift */ = {isa = PBXFileReference; lastKnownFileType = sourcecode.swift; path = OpenCodeConfigRepositoryTests.swift; sourceTree = "<group>"; };
		FA7AAFE695C3DEB956C0E9C4 /* AppStateRepository.swift */ = {isa = PBXFileReference; lastKnownFileType = sourcecode.swift; path = AppStateRepository.swift; sourceTree = "<group>"; };
		FB6DBAA005A0BCBCEE9CF462 /* OpenCodeConfigRepository.swift */ = {isa = PBXFileReference; lastKnownFileType = sourcecode.swift; path = OpenCodeConfigRepository.swift; sourceTree = "<group>"; };
		FFC788A6397991DCDEEAEE5C /* SettingsViewSelectionSyncTests.swift */ = {isa = PBXFileReference; lastKnownFileType = sourcecode.swift; path = SettingsViewSelectionSyncTests.swift; sourceTree = "<group>"; };
/* End PBXFileReference section */

/* Begin PBXGroup section */
		210412685C89EE3C889BC691 /* OMOSwitch */ = {
			isa = PBXGroup;
			children = (
				9E51F49395AB3CED6960CB75 /* Info.plist */,
				6E271678E575A1AF6C389B8E /* App */,
				603762FA59EEFC8D953297FB /* Domain */,
				6FEDC3044968F4CFB308E0D5 /* Infrastructure */,
				F228335EA322928C24E82E62 /* MenuBar */,
				87540F7D67BFFA1B8FF7751A /* Resources */,
				90E41F71A23FD4159B6A6446 /* Shared */,
				6DB2B3FDA38A1CF059526434 /* Windows */,
			);
			path = OMOSwitch;
			sourceTree = "<group>";
		};
		2A816F573A2E57BE3FDD71E9 /* Fixtures */ = {
			isa = PBXGroup;
			children = (
				942B2713CBD47369A4A449B7 /* json */,
				9E89D934B1210667F4AA2B1C /* ohmy */,
				9258C28763E263914118B546 /* opencode */,
			);
			path = Fixtures;
			sourceTree = "<group>";
		};
		32CD761BC2A237913F8811A9 /* Switching */ = {
			isa = PBXGroup;
			children = (
				CDBC366C88985C8A3BCAD0B0 /* SwitchGroupUseCase.swift */,
				8B4FCA506C6AB142091BF33D /* SwitchResult.swift */,
			);
			path = Switching;
			sourceTree = "<group>";
		};
		5A27F694A3BA9F9E2F3424CE /* AppState */ = {
			isa = PBXGroup;
			children = (
				722D0318C8BFE20953DD23CB /* AppSelectionState.swift */,
				FA7AAFE695C3DEB956C0E9C4 /* AppStateRepository.swift */,
				6E94AB4D929F8B37FFC166C8 /* BackupRepository.swift */,
			);
			path = AppState;
			sourceTree = "<group>";
		};
		603762FA59EEFC8D953297FB /* Domain */ = {
			isa = PBXGroup;
			children = (
				6D972CEDC8099168907FD0F3 /* Groups */,
				C57A3A55CE3C0D55ED808872 /* OhMyOpenAgent */,
				D83967F6A5550D741497153F /* OpenCode */,
				32CD761BC2A237913F8811A9 /* Switching */,
			);
			path = Domain;
			sourceTree = "<group>";
		};
		6D972CEDC8099168907FD0F3 /* Groups */ = {
			isa = PBXGroup;
			children = (
				1C7F88D377C20BCB6931A5A7 /* ModelGroup.swift */,
				B28168A735868B126922780E /* ModelGroupAgentOverride.swift */,
				10B3ADE6B559A004C0962C41 /* ModelGroupCategoryMapping.swift */,
				33C3C4E47572C5071D905BC0 /* ModelGroupRepository.swift */,
			);
			path = Groups;
			sourceTree = "<group>";
		};
		6DB2B3FDA38A1CF059526434 /* Windows */ = {
			isa = PBXGroup;
			children = (
				27BF5F0F9D3032246A544CDA /* AgentMappingEditor.swift */,
				A37883AB025A76D80483A3AD /* CategoryMappingEditor.swift */,
				B69196A5CE155E8CA3B3A7CE /* OpenCodeAgentMappingEditor.swift */,
				4741FF104A3821E50B6C1A7D /* SettingsView.swift */,
				C542FD774B78E815C3E66AC1 /* SettingsWindowController.swift */,
			);
			path = Windows;
			sourceTree = "<group>";
		};
		6E271678E575A1AF6C389B8E /* App */ = {
			isa = PBXGroup;
			children = (
				E635B39492497907B49D14C1 /* AppDelegate.swift */,
				253B6D763CAEFBDA53ACB4A2 /* main.swift */,
				7EE8A1743C4AAF75B5F0A580 /* OMOSwitchApp.swift */,
			);
			path = App;
			sourceTree = "<group>";
		};
		6FEDC3044968F4CFB308E0D5 /* Infrastructure */ = {
			isa = PBXGroup;
			children = (
				5A27F694A3BA9F9E2F3424CE /* AppState */,
				EB196066C3F4C2C3BAEAA968 /* OhMyOpenAgent */,
				9395C7F4E7A13C2AAC019DF0 /* OpenCode */,
			);
			path = Infrastructure;
			sourceTree = "<group>";
		};
		724403626F59D76578B270E4 = {
			isa = PBXGroup;
			children = (
				210412685C89EE3C889BC691 /* OMOSwitch */,
				8C693CC14AA15A5691BB701A /* OMOSwitchTests */,
				D2D36FC7AEAFB067058ED8CA /* Products */,
			);
			sourceTree = "<group>";
		};
		87540F7D67BFFA1B8FF7751A /* Resources */ = {
			isa = PBXGroup;
			children = (
				218EF381F9AE2FCC2BA90127 /* Info.plist */,
			);
			path = Resources;
			sourceTree = "<group>";
		};
		8C693CC14AA15A5691BB701A /* OMOSwitchTests */ = {
			isa = PBXGroup;
			children = (
				7EA0BA1AEF3F452C1E7B82AE /* AppShellCompositionTests.swift */,
				AA2C1DBA240FCB19D2463ED3 /* AppStateRepositoryTests.swift */,
				D2ABAEC44513BBD8445C6EE5 /* AppStoreTests.swift */,
				A189D6691EE2C24B1D70FD60 /* BackupRepositoryTests.swift */,
				C5E32DAC1E6FD51427972FAD /* EndToEndSwitchingTests.swift */,
				B044D4D635DB80CD9D9BC229 /* FixtureCorpusTests.swift */,
				CC6532EAAB56478A99A0BC05 /* Info.plist */,
				A7314BCA38A17D124BA636FB /* KnownKeysTests.swift */,
				19DA1CC5BE97A9C38301AC78 /* ModelGroupRepositoryTests.swift */,
				9B7A735376F2BE535FD04FE7 /* OhMyOpenAgentConfigRepositoryTests.swift */,
				F1CA10A867DC57F2783E3996 /* OhMyOpenAgentDocumentTests.swift */,
				741FDEDA74EF4A1776CD744B /* OhMyOpenAgentProjectionServiceTests.swift */,
				E371E059AB111ED79BC877D0 /* OpenCodeAgentMappingEditorTests.swift */,
				F2B84B7659B3A844D70124AA /* OpenCodeConfigRepositoryTests.swift */,
				9FCF25F561567B64F68F7BD1 /* OpenCodeDocumentTests.swift */,
				44388799FDA47B96D02FB6B7 /* OpenCodeProjectionServiceTests.swift */,
				06439C89C851DD6DA87EA97F /* SettingsViewOpenCodeDraftStateTests.swift */,
				FFC788A6397991DCDEEAEE5C /* SettingsViewSelectionSyncTests.swift */,
				306554E0FC10F39EDD5DC9C2 /* SwitchGroupUseCaseTests.swift */,
				C9E52420026FB471AB81D417 /* TemporaryHomeHarnessTests.swift */,
				2A816F573A2E57BE3FDD71E9 /* Fixtures */,
				A378DDAFB3515F7090AA50B3 /* Support */,
			);
			path = OMOSwitchTests;
			sourceTree = "<group>";
		};
		90E41F71A23FD4159B6A6446 /* Shared */ = {
			isa = PBXGroup;
			children = (
				C4BB9E51E8CEA1E761A5CA65 /* AppStore.swift */,
				98B67C1B29B4BA0DBBBEA9B2 /* DependencyContainer.swift */,
			);
			path = Shared;
			sourceTree = "<group>";
		};
		9258C28763E263914118B546 /* opencode */ = {
			isa = PBXGroup;
			children = (
				3A0A536D3655A0C370DFDF31 /* current-opencode.json */,
			);
			path = opencode;
			sourceTree = "<group>";
		};
		9395C7F4E7A13C2AAC019DF0 /* OpenCode */ = {
			isa = PBXGroup;
			children = (
				FB6DBAA005A0BCBCEE9CF462 /* OpenCodeConfigRepository.swift */,
			);
			path = OpenCode;
			sourceTree = "<group>";
		};
		942B2713CBD47369A4A449B7 /* json */ = {
			isa = PBXGroup;
			children = (
				34D15013E3B433F81F262DDA /* with-conflict-write-baseline.json */,
				4E832D158D791C2C1D1D1F7B /* with-jsonc-markers.jsonc */,
				37D4BB2EC3391FEAD872E53B /* with-undeclared-model-ref.json */,
				83EA06810E46F26BAE34C9A0 /* with-unknown-fields.json */,
				415FABB61D0C3D879E2069B5 /* with-weird-key-order.json */,
			);
			path = json;
			sourceTree = "<group>";
		};
		9E89D934B1210667F4AA2B1C /* ohmy */ = {
			isa = PBXGroup;
			children = (
				A19052BF7DEF7CDB0CDFABD7 /* current-oh-my-openagent.json */,
				2DF3956A1F3321ABCB538A7D /* legacy-oh-my-opencode.json.bak */,
			);
			path = ohmy;
			sourceTree = "<group>";
		};
		A378DDAFB3515F7090AA50B3 /* Support */ = {
			isa = PBXGroup;
			children = (
				5FFA2FF636AB3DC2921763F6 /* FixtureAssertions.swift */,
				82A3438B2984C599C5539E7F /* FixtureLoader.swift */,
				CA49FA106A27BF5E75313C28 /* TemporaryHomeHarness.swift */,
				A2FCF6694F826BB89108C641 /* TestSupport.swift */,
			);
			path = Support;
			sourceTree = "<group>";
		};
		C57A3A55CE3C0D55ED808872 /* OhMyOpenAgent */ = {
			isa = PBXGroup;
			children = (
				D65E1E88708005405DA86BB5 /* JSONCStripper.swift */,
				C3A458469287E6C12B972727 /* KnownKeys.swift */,
				7D7FCC49D9C17F5D71682D7F /* OhMyOpenAgentDocument.swift */,
				AC221AF3984163488DA0D7F7 /* OhMyOpenAgentProjectionService.swift */,
				64F9C7847E029EFDAD56A3A1 /* ProjectionResult.swift */,
			);
			path = OhMyOpenAgent;
			sourceTree = "<group>";
		};
		D2D36FC7AEAFB067058ED8CA /* Products */ = {
			isa = PBXGroup;
			children = (
				E735270532F3639DC59E9257 /* OMOSwitch.app */,
				F14AE8E73F1C2963B93C3055 /* OMOSwitchTests.xctest */,
			);
			name = Products;
			sourceTree = "<group>";
		};
		D83967F6A5550D741497153F /* OpenCode */ = {
			isa = PBXGroup;
			children = (
				9C8DC0229A7AF6D89F25CF94 /* OpenCodeDocument.swift */,
				E5E499583C2841429D5345D6 /* OpenCodeProjectionService.swift */,
			);
			path = OpenCode;
			sourceTree = "<group>";
		};
		EB196066C3F4C2C3BAEAA968 /* OhMyOpenAgent */ = {
			isa = PBXGroup;
			children = (
				63D8A17C073CB89F5D9B5649 /* OhMyOpenAgentConfigRepository.swift */,
			);
			path = OhMyOpenAgent;
			sourceTree = "<group>";
		};
		F228335EA322928C24E82E62 /* MenuBar */ = {
			isa = PBXGroup;
			children = (
				5A98B4FBEA091AF694D15567 /* QuickSwitchPopoverController.swift */,
				9C11F9BB9DA53C950ECB425C /* QuickSwitchView.swift */,
				EA5B8CC19275EECBD118BE59 /* StatusItemController.swift */,
			);
			path = MenuBar;
			sourceTree = "<group>";
		};
/* End PBXGroup section */

/* Begin PBXNativeTarget section */
		7FCB0FD34EA5DEAA14A9564C /* OMOSwitchTests */ = {
			isa = PBXNativeTarget;
			buildConfigurationList = 8EA5CA0F8B6F2B083B82E02B /* Build configuration list for PBXNativeTarget "OMOSwitchTests" */;
			buildPhases = (
				9E3F93B6CBBC94004156B38B /* Sources */,
				08029279D10EB5378C75E6B0 /* Resources */,
			);
			buildRules = (
			);
			dependencies = (
				CED116D2BE94D1E7F459B2A8 /* PBXTargetDependency */,
			);
			name = OMOSwitchTests;
			packageProductDependencies = (
			);
			productName = OMOSwitchTests;
			productReference = F14AE8E73F1C2963B93C3055 /* OMOSwitchTests.xctest */;
			productType = "com.apple.product-type.bundle.unit-test";
		};
		ABA8BB2495A171F393FE60D5 /* OMOSwitch */ = {
			isa = PBXNativeTarget;
			buildConfigurationList = 8F7B59D04F4F264E4D3E8520 /* Build configuration list for PBXNativeTarget "OMOSwitch" */;
			buildPhases = (
				A753BEBB3B41CE14A6D86628 /* Sources */,
				BCD7AD5963A14F6D52A5194B /* Resources */,
			);
			buildRules = (
			);
			dependencies = (
			);
			name = OMOSwitch;
			packageProductDependencies = (
			);
			productName = OMOSwitch;
			productReference = E735270532F3639DC59E9257 /* OMOSwitch.app */;
			productType = "com.apple.product-type.application";
		};
/* End PBXNativeTarget section */

/* Begin PBXProject section */
		72CD8D07AF261999FFF64A03 /* Project object */ = {
			isa = PBXProject;
			attributes = {
				BuildIndependentTargetsInParallel = YES;
				LastUpgradeCheck = 1500;
				TargetAttributes = {
					7FCB0FD34EA5DEAA14A9564C = {
						DevelopmentTeam = "";
						ProvisioningStyle = Manual;
					};
					ABA8BB2495A171F393FE60D5 = {
						DevelopmentTeam = "";
						ProvisioningStyle = Manual;
					};
				};
			};
			buildConfigurationList = 50571390908C84EC2932226A /* Build configuration list for PBXProject "omo-switch" */;
			compatibilityVersion = "Xcode 15.0";
			developmentRegion = en;
			hasScannedForEncodings = 0;
			knownRegions = (
				Base,
				en,
			);
			mainGroup = 724403626F59D76578B270E4;
			minimizedProjectReferenceProxies = 1;
			productRefGroup = D2D36FC7AEAFB067058ED8CA /* Products */;
			projectDirPath = "";
			projectRoot = "";
			targets = (
				ABA8BB2495A171F393FE60D5 /* OMOSwitch */,
				7FCB0FD34EA5DEAA14A9564C /* OMOSwitchTests */,
			);
		};
/* End PBXProject section */

/* Begin PBXResourcesBuildPhase section */
		08029279D10EB5378C75E6B0 /* Resources */ = {
			isa = PBXResourcesBuildPhase;
			buildActionMask = 2147483647;
			files = (
				85D9DFB4ED29B590E4B2647E /* current-oh-my-openagent.json in Resources */,
				5DA816C92C3643F3D24B7595 /* current-opencode.json in Resources */,
				DE907043754098CB9792BF72 /* legacy-oh-my-opencode.json.bak in Resources */,
				D6CEDC369921671C994F2B8E /* with-conflict-write-baseline.json in Resources */,
				457D029017D3F5FD4B8D18DA /* with-jsonc-markers.jsonc in Resources */,
				19C0D0B1E0F76D6C8BC3A24B /* with-undeclared-model-ref.json in Resources */,
				8DC7C18806CEFDEC80913CA7 /* with-unknown-fields.json in Resources */,
				A14E3D87340E8B29582DCEC2 /* with-weird-key-order.json in Resources */,
			);
			runOnlyForDeploymentPostprocessing = 0;
		};
		BCD7AD5963A14F6D52A5194B /* Resources */ = {
			isa = PBXResourcesBuildPhase;
			buildActionMask = 2147483647;
			files = (
				EA8F7FB321ED34C711FE1011 /* Info.plist in Resources */,
			);
			runOnlyForDeploymentPostprocessing = 0;
		};
/* End PBXResourcesBuildPhase section */

/* Begin PBXSourcesBuildPhase section */
		9E3F93B6CBBC94004156B38B /* Sources */ = {
			isa = PBXSourcesBuildPhase;
			buildActionMask = 2147483647;
			files = (
				EE3B7A6CEF359215AABF380A /* AppShellCompositionTests.swift in Sources */,
				8327A00BBFBD81FA8E4C2AE8 /* AppStateRepositoryTests.swift in Sources */,
				FCC24906612AA2F40C8092A9 /* AppStoreTests.swift in Sources */,
				EFAB72AC5B7ABEBC975C9F8D /* BackupRepositoryTests.swift in Sources */,
				7B428D6B8C1DB532EAF56DB0 /* EndToEndSwitchingTests.swift in Sources */,
				3C966B9EAD695B617C1E1794 /* FixtureAssertions.swift in Sources */,
				583FD7F8816F49EBD8FBFD11 /* FixtureCorpusTests.swift in Sources */,
				426667B4427FDE3EEF288686 /* FixtureLoader.swift in Sources */,
				F6E84D6EA18495FAC75A362D /* KnownKeysTests.swift in Sources */,
				BF9441518A57A2FBAEEEC160 /* ModelGroupRepositoryTests.swift in Sources */,
				37C1A01C8B5369E518A025C9 /* OhMyOpenAgentConfigRepositoryTests.swift in Sources */,
				5154F50763B34C9075514EB7 /* OhMyOpenAgentDocumentTests.swift in Sources */,
				F8EDB3B74FD4787202164831 /* OhMyOpenAgentProjectionServiceTests.swift in Sources */,
				BEC75F1E494FC8B72039A424 /* OpenCodeAgentMappingEditorTests.swift in Sources */,
				B97096653D9A5D3C2B92B614 /* OpenCodeConfigRepositoryTests.swift in Sources */,
				498B640662843F384DA1192F /* OpenCodeDocumentTests.swift in Sources */,
				A9086F25BDEA243389E54ED4 /* OpenCodeProjectionServiceTests.swift in Sources */,
				99AE8AE60FD738811D80714A /* SettingsViewOpenCodeDraftStateTests.swift in Sources */,
				18EDB7FD30337DB30C19314C /* SettingsViewSelectionSyncTests.swift in Sources */,
				BFB347FD474907FD150E6969 /* SwitchGroupUseCaseTests.swift in Sources */,
				784B8F0401B8D3B7A57DF73F /* TemporaryHomeHarness.swift in Sources */,
				68541E264755F998E42C5FC5 /* TemporaryHomeHarnessTests.swift in Sources */,
				74836A4E35C7FC0C961DFF28 /* TestSupport.swift in Sources */,
			);
			runOnlyForDeploymentPostprocessing = 0;
		};
		A753BEBB3B41CE14A6D86628 /* Sources */ = {
			isa = PBXSourcesBuildPhase;
			buildActionMask = 2147483647;
			files = (
				7314855FD5273DF5DE0027B9 /* AgentMappingEditor.swift in Sources */,
				F4995F2F7DDC43555ED01E05 /* AppDelegate.swift in Sources */,
				C0744DFF6EE1AA88EE7B717A /* AppSelectionState.swift in Sources */,
				C70F13BD21DCF70FED5360C0 /* AppStateRepository.swift in Sources */,
				CEFDFBE495D0FB336A11C5BC /* AppStore.swift in Sources */,
				3E57DC1C31879E246D63AB60 /* BackupRepository.swift in Sources */,
				25B37026DC11CF88408E8696 /* CategoryMappingEditor.swift in Sources */,
				A4B6C38C89AD6D98B068A470 /* DependencyContainer.swift in Sources */,
				F4DFCC6EA41AE04EB47B09C3 /* JSONCStripper.swift in Sources */,
				011DB7E6709798C7C363F584 /* KnownKeys.swift in Sources */,
				3D90D18A6BFBC377BF5F95D5 /* ModelGroup.swift in Sources */,
				A6EFAB093D78339356352895 /* ModelGroupAgentOverride.swift in Sources */,
				3BE73DCC81C606C979A2AF11 /* ModelGroupCategoryMapping.swift in Sources */,
				ACA13DFDDC4F47954C257443 /* ModelGroupRepository.swift in Sources */,
				29EA0F0F96C0E612E0125708 /* OMOSwitchApp.swift in Sources */,
				2706B8BE461B4EA9952C2AB1 /* OhMyOpenAgentConfigRepository.swift in Sources */,
				83C8BDF13FE637A3430A05C6 /* OhMyOpenAgentDocument.swift in Sources */,
				E5CC24699BA5C1895F5C011E /* OhMyOpenAgentProjectionService.swift in Sources */,
				117A61D0260A3AA8A2F2D7C2 /* OpenCodeAgentMappingEditor.swift in Sources */,
				E66C2192710B4D21F00B90DC /* OpenCodeConfigRepository.swift in Sources */,
				65545F192A79A98E6D05D1D3 /* OpenCodeDocument.swift in Sources */,
				D00B208EA2A029A15539522E /* OpenCodeProjectionService.swift in Sources */,
				08E53579A822E587DA0EE529 /* ProjectionResult.swift in Sources */,
				EF5103724BCA2C5362559DF6 /* QuickSwitchPopoverController.swift in Sources */,
				2B8ECEAE29AE6B2823AB3291 /* QuickSwitchView.swift in Sources */,
				8534264099DA006F110209B6 /* SettingsView.swift in Sources */,
				87B1AC2E0C4B8FE900C31643 /* SettingsWindowController.swift in Sources */,
				EF9F2C808FE1AEDC31F22ECC /* StatusItemController.swift in Sources */,
				3D10AC7A22B933B328C0E5D9 /* SwitchGroupUseCase.swift in Sources */,
				0452B8BB6B8810C09C391B90 /* SwitchResult.swift in Sources */,
				806E0EC7D0D817C8EDBED332 /* main.swift in Sources */,
			);
			runOnlyForDeploymentPostprocessing = 0;
		};
/* End PBXSourcesBuildPhase section */

/* Begin PBXTargetDependency section */
		CED116D2BE94D1E7F459B2A8 /* PBXTargetDependency */ = {
			isa = PBXTargetDependency;
			target = ABA8BB2495A171F393FE60D5 /* OMOSwitch */;
			targetProxy = BC940593FADB73C9CB3ED171 /* PBXContainerItemProxy */;
		};
/* End PBXTargetDependency section */

/* Begin XCBuildConfiguration section */
		1F4DF3C1E6F26675BFE7E999 /* Debug */ = {
			isa = XCBuildConfiguration;
			buildSettings = {
				BUNDLE_LOADER = "$(TEST_HOST)";
				COMBINE_HIDPI_IMAGES = YES;
				INFOPLIST_FILE = OMOSwitchTests/Info.plist;
				LD_RUNPATH_SEARCH_PATHS = "$(inherited) @executable_path/../Frameworks @executable_path/../../../../Frameworks";
				MACOSX_DEPLOYMENT_TARGET = 13.0;
				PRODUCT_BUNDLE_IDENTIFIER = com.omOSwitch.OMOSwitchTests;
				PRODUCT_NAME = OMOSwitchTests;
				SDKROOT = macosx;
				TEST_HOST = "$(BUILT_PRODUCTS_DIR)/omo-switch.app/Contents/MacOS/omo-switch";
			};
			name = Debug;
		};
		2C84BA62BEC26AF8F0F896FB /* Debug */ = {
			isa = XCBuildConfiguration;
			buildSettings = {
				ASSETCATALOG_COMPILER_APPICON_NAME = AppIcon;
				CODE_SIGN_ENTITLEMENTS = "";
				COMBINE_HIDPI_IMAGES = YES;
				ENABLE_HARDENED_RUNTIME = NO;
				INFOPLIST_FILE = OMOSwitch/Info.plist;
				LD_RUNPATH_SEARCH_PATHS = "$(inherited) @executable_path/../Frameworks";
				MACOSX_DEPLOYMENT_TARGET = 13.0;
				PRODUCT_BUNDLE_IDENTIFIER = com.omOSwitch.OMOSwitch;
				PRODUCT_NAME = "omo-switch";
				SDKROOT = macosx;
			};
			name = Debug;
		};
		5119F780380B4084EC7ADF0D /* Debug */ = {
			isa = XCBuildConfiguration;
			buildSettings = {
				ALWAYS_SEARCH_USER_PATHS = NO;
				CLANG_ANALYZER_NONNULL = YES;
				CLANG_ANALYZER_NUMBER_OBJECT_CONVERSION = YES_AGGRESSIVE;
				CLANG_CXX_LANGUAGE_STANDARD = "gnu++14";
				CLANG_CXX_LIBRARY = "libc++";
				CLANG_ENABLE_MODULES = YES;
				CLANG_ENABLE_OBJC_ARC = YES;
				CLANG_ENABLE_OBJC_WEAK = YES;
				CLANG_WARN_BLOCK_CAPTURE_AUTORELEASING = YES;
				CLANG_WARN_BOOL_CONVERSION = YES;
				CLANG_WARN_COMMA = YES;
				CLANG_WARN_CONSTANT_CONVERSION = YES;
				CLANG_WARN_DEPRECATED_OBJC_IMPLEMENTATIONS = YES;
				CLANG_WARN_DIRECT_OBJC_ISA_USAGE = YES_ERROR;
				CLANG_WARN_DOCUMENTATION_COMMENTS = YES;
				CLANG_WARN_EMPTY_BODY = YES;
				CLANG_WARN_ENUM_CONVERSION = YES;
				CLANG_WARN_INFINITE_RECURSION = YES;
				CLANG_WARN_INT_CONVERSION = YES;
				CLANG_WARN_NON_LITERAL_NULL_CONVERSION = YES;
				CLANG_WARN_OBJC_IMPLICIT_RETAIN_SELF = YES;
				CLANG_WARN_OBJC_LITERAL_CONVERSION = YES;
				CLANG_WARN_OBJC_ROOT_CLASS = YES_ERROR;
				CLANG_WARN_QUOTED_INCLUDE_IN_FRAMEWORK_HEADER = YES;
				CLANG_WARN_RANGE_LOOP_ANALYSIS = YES;
				CLANG_WARN_STRICT_PROTOTYPES = YES;
				CLANG_WARN_SUSPICIOUS_MOVE = YES;
				CLANG_WARN_UNGUARDED_AVAILABILITY = YES_AGGRESSIVE;
				CLANG_WARN_UNREACHABLE_CODE = YES;
				CLANG_WARN__DUPLICATE_METHOD_MATCH = YES;
				CODE_SIGN_IDENTITY = "-";
				CODE_SIGN_STYLE = Manual;
				COPY_PHASE_STRIP = NO;
				DEBUG_INFORMATION_FORMAT = dwarf;
				DEVELOPMENT_TEAM = "";
				ENABLE_STRICT_OBJC_MSGSEND = YES;
				ENABLE_TESTABILITY = YES;
				GCC_C_LANGUAGE_STANDARD = gnu11;
				GCC_DYNAMIC_NO_PIC = NO;
				GCC_NO_COMMON_BLOCKS = YES;
				GCC_OPTIMIZATION_LEVEL = 0;
				GCC_PREPROCESSOR_DEFINITIONS = (
					"$(inherited)",
					"DEBUG=1",
				);
				GCC_WARN_64_TO_32_BIT_CONVERSION = YES;
				GCC_WARN_ABOUT_RETURN_TYPE = YES_ERROR;
				GCC_WARN_UNDECLARED_SELECTOR = YES;
				GCC_WARN_UNINITIALIZED_AUTOS = YES_AGGRESSIVE;
				GCC_WARN_UNUSED_FUNCTION = YES;
				GCC_WARN_UNUSED_VARIABLE = YES;
				MACOSX_DEPLOYMENT_TARGET = 13.0;
				MTL_ENABLE_DEBUG_INFO = INCLUDE_SOURCE;
				MTL_FAST_MATH = YES;
				ONLY_ACTIVE_ARCH = YES;
				PRODUCT_NAME = "$(TARGET_NAME)";
				SDKROOT = macosx;
				SWIFT_ACTIVE_COMPILATION_CONDITIONS = DEBUG;
				SWIFT_OPTIMIZATION_LEVEL = "-Onone";
				SWIFT_VERSION = 5.9;
			};
			name = Debug;
		};
		7C3E17D86DD6018B82D8FD1C /* Release */ = {
			isa = XCBuildConfiguration;
			buildSettings = {
				ASSETCATALOG_COMPILER_APPICON_NAME = AppIcon;
				CODE_SIGN_ENTITLEMENTS = "";
				COMBINE_HIDPI_IMAGES = YES;
				ENABLE_HARDENED_RUNTIME = NO;
				INFOPLIST_FILE = OMOSwitch/Info.plist;
				LD_RUNPATH_SEARCH_PATHS = "$(inherited) @executable_path/../Frameworks";
				MACOSX_DEPLOYMENT_TARGET = 13.0;
				PRODUCT_BUNDLE_IDENTIFIER = com.omOSwitch.OMOSwitch;
				PRODUCT_NAME = "omo-switch";
				SDKROOT = macosx;
			};
			name = Release;
		};
		A79B7FA714BDC33C05665E94 /* Release */ = {
			isa = XCBuildConfiguration;
			buildSettings = {
				ALWAYS_SEARCH_USER_PATHS = NO;
				CLANG_ANALYZER_NONNULL = YES;
				CLANG_ANALYZER_NUMBER_OBJECT_CONVERSION = YES_AGGRESSIVE;
				CLANG_CXX_LANGUAGE_STANDARD = "gnu++14";
				CLANG_CXX_LIBRARY = "libc++";
				CLANG_ENABLE_MODULES = YES;
				CLANG_ENABLE_OBJC_ARC = YES;
				CLANG_ENABLE_OBJC_WEAK = YES;
				CLANG_WARN_BLOCK_CAPTURE_AUTORELEASING = YES;
				CLANG_WARN_BOOL_CONVERSION = YES;
				CLANG_WARN_COMMA = YES;
				CLANG_WARN_CONSTANT_CONVERSION = YES;
				CLANG_WARN_DEPRECATED_OBJC_IMPLEMENTATIONS = YES;
				CLANG_WARN_DIRECT_OBJC_ISA_USAGE = YES_ERROR;
				CLANG_WARN_DOCUMENTATION_COMMENTS = YES;
				CLANG_WARN_EMPTY_BODY = YES;
				CLANG_WARN_ENUM_CONVERSION = YES;
				CLANG_WARN_INFINITE_RECURSION = YES;
				CLANG_WARN_INT_CONVERSION = YES;
				CLANG_WARN_NON_LITERAL_NULL_CONVERSION = YES;
				CLANG_WARN_OBJC_IMPLICIT_RETAIN_SELF = YES;
				CLANG_WARN_OBJC_LITERAL_CONVERSION = YES;
				CLANG_WARN_OBJC_ROOT_CLASS = YES_ERROR;
				CLANG_WARN_QUOTED_INCLUDE_IN_FRAMEWORK_HEADER = YES;
				CLANG_WARN_RANGE_LOOP_ANALYSIS = YES;
				CLANG_WARN_STRICT_PROTOTYPES = YES;
				CLANG_WARN_SUSPICIOUS_MOVE = YES;
				CLANG_WARN_UNGUARDED_AVAILABILITY = YES_AGGRESSIVE;
				CLANG_WARN_UNREACHABLE_CODE = YES;
				CLANG_WARN__DUPLICATE_METHOD_MATCH = YES;
				CODE_SIGN_IDENTITY = "-";
				CODE_SIGN_STYLE = Manual;
				COPY_PHASE_STRIP = NO;
				DEBUG_INFORMATION_FORMAT = "dwarf-with-dsym";
				DEVELOPMENT_TEAM = "";
				ENABLE_NS_ASSERTIONS = NO;
				ENABLE_STRICT_OBJC_MSGSEND = YES;
				GCC_C_LANGUAGE_STANDARD = gnu11;
				GCC_NO_COMMON_BLOCKS = YES;
				GCC_WARN_64_TO_32_BIT_CONVERSION = YES;
				GCC_WARN_ABOUT_RETURN_TYPE = YES_ERROR;
				GCC_WARN_UNDECLARED_SELECTOR = YES;
				GCC_WARN_UNINITIALIZED_AUTOS = YES_AGGRESSIVE;
				GCC_WARN_UNUSED_FUNCTION = YES;
				GCC_WARN_UNUSED_VARIABLE = YES;
				MACOSX_DEPLOYMENT_TARGET = 13.0;
				MTL_ENABLE_DEBUG_INFO = NO;
				MTL_FAST_MATH = YES;
				PRODUCT_NAME = "$(TARGET_NAME)";
				SDKROOT = macosx;
				SWIFT_COMPILATION_MODE = wholemodule;
				SWIFT_OPTIMIZATION_LEVEL = "-O";
				SWIFT_VERSION = 5.9;
			};
			name = Release;
		};
		F9251D8D74DA2CE8C353F37D /* Release */ = {
			isa = XCBuildConfiguration;
			buildSettings = {
				BUNDLE_LOADER = "$(TEST_HOST)";
				COMBINE_HIDPI_IMAGES = YES;
				INFOPLIST_FILE = OMOSwitchTests/Info.plist;
				LD_RUNPATH_SEARCH_PATHS = "$(inherited) @executable_path/../Frameworks @executable_path/../../../../Frameworks";
				MACOSX_DEPLOYMENT_TARGET = 13.0;
				PRODUCT_BUNDLE_IDENTIFIER = com.omOSwitch.OMOSwitchTests;
				PRODUCT_NAME = OMOSwitchTests;
				SDKROOT = macosx;
				TEST_HOST = "$(BUILT_PRODUCTS_DIR)/omo-switch.app/Contents/MacOS/omo-switch";
			};
			name = Release;
		};
/* End XCBuildConfiguration section */

/* Begin XCConfigurationList section */
		50571390908C84EC2932226A /* Build configuration list for PBXProject "omo-switch" */ = {
			isa = XCConfigurationList;
			buildConfigurations = (
				5119F780380B4084EC7ADF0D /* Debug */,
				A79B7FA714BDC33C05665E94 /* Release */,
			);
			defaultConfigurationIsVisible = 0;
			defaultConfigurationName = Debug;
		};
		8EA5CA0F8B6F2B083B82E02B /* Build configuration list for PBXNativeTarget "OMOSwitchTests" */ = {
			isa = XCConfigurationList;
			buildConfigurations = (
				1F4DF3C1E6F26675BFE7E999 /* Debug */,
				F9251D8D74DA2CE8C353F37D /* Release */,
			);
			defaultConfigurationIsVisible = 0;
			defaultConfigurationName = Debug;
		};
		8F7B59D04F4F264E4D3E8520 /* Build configuration list for PBXNativeTarget "OMOSwitch" */ = {
			isa = XCConfigurationList;
			buildConfigurations = (
				2C84BA62BEC26AF8F0F896FB /* Debug */,
				7C3E17D86DD6018B82D8FD1C /* Release */,
			);
			defaultConfigurationIsVisible = 0;
			defaultConfigurationName = Debug;
		};
/* End XCConfigurationList section */
	};
	rootObject = 72CD8D07AF261999FFF64A03 /* Project object */;
}
